{
  "version": 4,
  "terraform_version": "1.12.2",
  "serial": 27,
  "lineage": "545c5dbc-1ea4-28ca-5a24-5aa11beaff5f",
  "outputs": {
    "service_url": {
      "value": "https://caesaraiaptemotj-qqbn26mgpa-uc.a.run.app",
      "type": "string"
    }
  },
  "resources": [
    {
      "mode": "data",
      "type": "google_secret_manager_secret",
      "name": "amari_dev_api_key_secret",
      "provider": "provider[\"registry.terraform.io/hashicorp/google\"]",
      "instances": [
        {
          "schema_version": 0,
          "attributes": {
            "annotations": {},
            "create_time": "2025-09-22T14:55:53.761748Z",
            "effective_annotations": {},
            "effective_labels": {},
            "expire_time": "",
            "id": "projects/caesaraiapis/secrets/amari-dev-gemini-api-key",
            "labels": {},
            "name": "projects/662756251108/secrets/amari-dev-gemini-api-key",
            "project": "caesaraiapis",
            "replication": [
              {
                "auto": [
                  {
                    "customer_managed_encryption": []
                  }
                ],
                "user_managed": []
              }
            ],
            "rotation": [],
            "secret_id": "amari-dev-gemini-api-key",
            "terraform_labels": {},
            "topics": [],
            "ttl": null,
            "version_aliases": {},
            "version_destroy_ttl": ""
          },
          "sensitive_attributes": [],
          "identity_schema_version": 0
        }
      ]
    },
    {
      "mode": "managed",
      "type": "google_cloud_run_v2_service",
      "name": "run_service",
      "provider": "provider[\"registry.terraform.io/hashicorp/google\"]",
      "instances": [
        {
          "status": "tainted",
          "schema_version": 0,
          "attributes": {
            "annotations": null,
            "binary_authorization": [],
            "client": null,
            "client_version": null,
            "conditions": null,
            "create_time": null,
            "creator": null,
            "custom_audiences": null,
            "delete_time": null,
            "deletion_protection": true,
            "description": null,
            "effective_annotations": null,
            "effective_labels": {
              "goog-terraform-provisioned": "true"
            },
            "etag": null,
            "expire_time": null,
            "generation": null,
            "id": "projects/caesaraiapis/locations/us-central1/services/caesaraiaptemotj",
            "ingress": null,
            "labels": null,
            "last_modifier": null,
            "latest_created_revision": null,
            "latest_ready_revision": null,
            "launch_stage": null,
            "location": "us-central1",
            "name": "caesaraiaptemotj",
            "observed_generation": null,
            "project": "caesaraiapis",
            "reconciling": null,
            "template": [
              {
                "annotations": null,
                "containers": [
                  {
                    "args": null,
                    "command": null,
                    "depends_on": null,
                    "env": [
                      {
                        "name": "GOOGLE_GEMINI_API_KEY",
                        "value": "",
                        "value_source": [
                          {
                            "secret_key_ref": [
                              {
                                "secret": "amari-dev-gemini-api-key",
                                "version": "latest"
                              }
                            ]
                          }
                        ]
                      }
                    ],
                    "image": "palondomus/caesaraiaptemotj:12",
                    "liveness_probe": [],
                    "name": "",
                    "ports": [],
                    "resources": [],
                    "startup_probe": [],
                    "volume_mounts": [],
                    "working_dir": ""
                  }
                ],
                "encryption_key": "",
                "execution_environment": "",
                "labels": null,
                "max_instance_request_concurrency": 0,
                "revision": "",
                "scaling": [],
                "service_account": "",
                "session_affinity": false,
                "timeout": "",
                "volumes": [],
                "vpc_access": []
              }
            ],
            "terminal_condition": null,
            "terraform_labels": {
              "goog-terraform-provisioned": "true"
            },
            "timeouts": null,
            "traffic": [
              {
                "percent": 100,
                "revision": "",
                "tag": "",
                "type": "TRAFFIC_TARGET_ALLOCATION_TYPE_LATEST"
              }
            ],
            "traffic_statuses": null,
            "uid": null,
            "update_time": null,
            "uri": null
          },
          "sensitive_attributes": [],
          "identity_schema_version": 0,
          "private": "eyJlMmJmYjczMC1lY2FhLTExZTYtOGY4OC0zNDM2M2JjN2M0YzAiOnsiY3JlYXRlIjoxMjAwMDAwMDAwMDAwLCJkZWxldGUiOjEyMDAwMDAwMDAwMDAsInVwZGF0ZSI6MTIwMDAwMDAwMDAwMH19",
          "dependencies": [
            "data.google_secret_manager_secret.amari_dev_api_key_secret",
            "google_project_service.run_api"
          ]
        }
      ]
    },
    {
      "mode": "managed",
      "type": "google_project_service",
      "name": "run_api",
      "provider": "provider[\"registry.terraform.io/hashicorp/google\"]",
      "instances": [
        {
          "schema_version": 0,
          "attributes": {
            "disable_dependent_services": null,
            "disable_on_destroy": true,
            "id": "caesaraiapis/run.googleapis.com",
            "project": "caesaraiapis",
            "service": "run.googleapis.com",
            "timeouts": null
          },
          "sensitive_attributes": [],
          "identity_schema_version": 0,
          "private": "eyJlMmJmYjczMC1lY2FhLTExZTYtOGY4OC0zNDM2M2JjN2M0YzAiOnsiY3JlYXRlIjoxMjAwMDAwMDAwMDAwLCJkZWxldGUiOjEyMDAwMDAwMDAwMDAsInJlYWQiOjYwMDAwMDAwMDAwMCwidXBkYXRlIjoxMjAwMDAwMDAwMDAwfX0="
        }
      ]
    },
    {
      "mode": "managed",
      "type": "google_secret_manager_secret_iam_member",
      "name": "secret_access",
      "provider": "provider[\"registry.terraform.io/hashicorp/google\"]",
      "instances": [
        {
          "schema_version": 0,
          "attributes": {
            "condition": [],
            "etag": "BwY/ZSdxo/U=",
            "id": "projects/caesaraiapis/secrets/amari-dev-gemini-api-key/roles/secretmanager.secretAccessor/serviceAccount:amari-dev-secret-accessor@caesaraiapis.iam.gserviceaccount.com",
            "member": "serviceAccount:amari-dev-secret-accessor@caesaraiapis.iam.gserviceaccount.com",
            "project": "caesaraiapis",
            "role": "roles/secretmanager.secretAccessor",
            "secret_id": "projects/caesaraiapis/secrets/amari-dev-gemini-api-key"
          },
          "sensitive_attributes": [],
          "identity_schema_version": 0,
          "private": "bnVsbA==",
          "dependencies": [
            "data.google_secret_manager_secret.amari_dev_api_key_secret"
          ]
        }
      ]
    }
  ],
  "check_results": null
}
