{
  "version": 4,
  "terraform_version": "1.12.2",
  "serial": 32,
  "lineage": "545c5dbc-1ea4-28ca-5a24-5aa11beaff5f",
  "outputs": {
    "service_url": {
      "value": "https://caesaraiaptemotj-qqbn26mgpa-uc.a.run.app",
      "type": "string"
    }
  },
  "resources": [
    {
      "mode": "data",
      "type": "google_secret_manager_secret",
      "name": "amari_dev_api_key_secret",
      "provider": "provider[\"registry.terraform.io/hashicorp/google\"]",
      "instances": [
        {
          "schema_version": 0,
          "attributes": {
            "annotations": {},
            "create_time": "2025-09-22T15:14:50.156403Z",
            "effective_annotations": {},
            "effective_labels": {},
            "expire_time": "",
            "id": "projects/caesaraiapis/secrets/amari-dev-gemini-api-key",
            "labels": {},
            "name": "projects/662756251108/secrets/amari-dev-gemini-api-key",
            "project": "caesaraiapis",
            "replication": [
              {
                "auto": [
                  {
                    "customer_managed_encryption": []
                  }
                ],
                "user_managed": []
              }
            ],
            "rotation": [],
            "secret_id": "amari-dev-gemini-api-key",
            "terraform_labels": {},
            "topics": [],
            "ttl": null,
            "version_aliases": {},
            "version_destroy_ttl": ""
          },
          "sensitive_attributes": [],
          "identity_schema_version": 0
        }
      ]
    },
    {
      "mode": "managed",
      "type": "google_cloud_run_v2_service",
      "name": "run_service",
      "provider": "provider[\"registry.terraform.io/hashicorp/google\"]",
      "instances": [
        {
          "status": "tainted",
          "schema_version": 0,
          "attributes": {
            "annotations": {},
            "binary_authorization": [],
            "client": "",
            "client_version": "",
            "conditions": [
              {
                "execution_reason": "",
                "last_transition_time": "2025-09-22T15:06:57.012048Z",
                "message": "Revision 'caesaraiaptemotj-00001-gdf' is not ready and cannot serve traffic. Image 'docker.io/palondomus/caesaraiaptemotj:12' does not exist or it is not publicly accessible",
                "reason": "REVISION_FAILED",
                "revision_reason": "",
                "severity": "",
                "state": "CONDITION_FAILED",
                "type": "RoutesReady"
              },
              {
                "execution_reason": "",
                "last_transition_time": "2025-09-22T15:06:56.991148Z",
                "message": "Image 'docker.io/palondomus/caesaraiaptemotj:12' does not exist or it is not publicly accessible",
                "reason": "",
                "revision_reason": "",
                "severity": "",
                "state": "CONDITION_SUCCEEDED",
                "type": "ConfigurationsReady"
              }
            ],
            "create_time": "2025-09-22T15:06:56.081090Z",
            "creator": "amari.lawal@gmail.com",
            "custom_audiences": [],
            "delete_time": "",
            "deletion_protection": true,
            "description": "",
            "effective_annotations": {},
            "effective_labels": {
              "goog-terraform-provisioned": "true"
            },
            "etag": "\"CJDMxcYGENCr1SY/cHJvamVjdHMvY2Flc2FyYWlhcGlzL2xvY2F0aW9ucy91cy1jZW50cmFsMS9zZXJ2aWNlcy9jYWVzYXJhaWFwdGVtb3Rq\"",
            "expire_time": "",
            "generation": "1",
            "id": "projects/caesaraiapis/locations/us-central1/services/caesaraiaptemotj",
            "ingress": "INGRESS_TRAFFIC_ALL",
            "labels": {},
            "last_modifier": "amari.lawal@gmail.com",
            "latest_created_revision": "projects/caesaraiapis/locations/us-central1/services/caesaraiaptemotj/revisions/caesaraiaptemotj-00001-gdf",
            "latest_ready_revision": "",
            "launch_stage": "GA",
            "location": "us-central1",
            "name": "caesaraiaptemotj",
            "observed_generation": "1",
            "project": "caesaraiapis",
            "reconciling": false,
            "template": [
              {
                "annotations": {},
                "containers": [
                  {
                    "args": [],
                    "command": [],
                    "depends_on": [],
                    "env": [
                      {
                        "name": "GOOGLE_GEMINI_API_KEY",
                        "value": "",
                        "value_source": [
                          {
                            "secret_key_ref": [
                              {
                                "secret": "amari-dev-gemini-api-key",
                                "version": "latest"
                              }
                            ]
                          }
                        ]
                      }
                    ],
                    "image": "palondomus/caesaraiaptemotj:12",
                    "liveness_probe": [],
                    "name": "",
                    "ports": [
                      {
                        "container_port": 8080,
                        "name": "http1"
                      }
                    ],
                    "resources": [
                      {
                        "cpu_idle": true,
                        "limits": {
                          "cpu": "1000m",
                          "memory": "512Mi"
                        },
                        "startup_cpu_boost": false
                      }
                    ],
                    "startup_probe": [
                      {
                        "failure_threshold": 1,
                        "grpc": [],
                        "http_get": [],
                        "initial_delay_seconds": 0,
                        "period_seconds": 240,
                        "tcp_socket": [
                          {
                            "port": 8080
                          }
                        ],
                        "timeout_seconds": 240
                      }
                    ],
                    "volume_mounts": [],
                    "working_dir": ""
                  }
                ],
                "encryption_key": "",
                "execution_environment": "",
                "labels": {},
                "max_instance_request_concurrency": 80,
                "revision": "",
                "scaling": [
                  {
                    "max_instance_count": 3,
                    "min_instance_count": 0
                  }
                ],
                "service_account": "662756251108-compute@developer.gserviceaccount.com",
                "session_affinity": false,
                "timeout": "300s",
                "volumes": [],
                "vpc_access": []
              }
            ],
            "terminal_condition": [
              {
                "execution_reason": "",
                "last_transition_time": "2025-09-22T15:06:57.012048Z",
                "message": "Revision 'caesaraiaptemotj-00001-gdf' is not ready and cannot serve traffic. Image 'docker.io/palondomus/caesaraiaptemotj:12' does not exist or it is not publicly accessible",
                "reason": "REVISION_FAILED",
                "revision_reason": "",
                "severity": "",
                "state": "CONDITION_FAILED",
                "type": "Ready"
              }
            ],
            "terraform_labels": {
              "goog-terraform-provisioned": "true"
            },
            "timeouts": null,
            "traffic": [
              {
                "percent": 100,
                "revision": "",
                "tag": "",
                "type": "TRAFFIC_TARGET_ALLOCATION_TYPE_LATEST"
              }
            ],
            "traffic_statuses": [],
            "uid": "81268c9f-bad8-4a35-9c9d-256a1f685181",
            "update_time": "2025-09-22T15:06:56.081090Z",
            "uri": ""
          },
          "sensitive_attributes": [],
          "identity_schema_version": 0,
          "private": "eyJlMmJmYjczMC1lY2FhLTExZTYtOGY4OC0zNDM2M2JjN2M0YzAiOnsiY3JlYXRlIjoxMjAwMDAwMDAwMDAwLCJkZWxldGUiOjEyMDAwMDAwMDAwMDAsInVwZGF0ZSI6MTIwMDAwMDAwMDAwMH19",
          "dependencies": [
            "data.google_secret_manager_secret.amari_dev_api_key_secret",
            "google_project_service.run_api"
          ]
        }
      ]
    },
    {
      "mode": "managed",
      "type": "google_project_service",
      "name": "run_api",
      "provider": "provider[\"registry.terraform.io/hashicorp/google\"]",
      "instances": [
        {
          "schema_version": 0,
          "attributes": {
            "disable_dependent_services": null,
            "disable_on_destroy": true,
            "id": "caesaraiapis/run.googleapis.com",
            "project": "caesaraiapis",
            "service": "run.googleapis.com",
            "timeouts": null
          },
          "sensitive_attributes": [],
          "identity_schema_version": 0,
          "private": "eyJlMmJmYjczMC1lY2FhLTExZTYtOGY4OC0zNDM2M2JjN2M0YzAiOnsiY3JlYXRlIjoxMjAwMDAwMDAwMDAwLCJkZWxldGUiOjEyMDAwMDAwMDAwMDAsInJlYWQiOjYwMDAwMDAwMDAwMCwidXBkYXRlIjoxMjAwMDAwMDAwMDAwfX0="
        }
      ]
    },
    {
      "mode": "managed",
      "type": "google_secret_manager_secret_iam_member",
      "name": "secret_access",
      "provider": "provider[\"registry.terraform.io/hashicorp/google\"]",
      "instances": [
        {
          "schema_version": 0,
          "attributes": {
            "condition": [],
            "etag": "BwY/ZVC1dMw=",
            "id": "projects/caesaraiapis/secrets/amari-dev-gemini-api-key/roles/secretmanager.secretAccessor/serviceAccount:amari-dev-secret-accessor@caesaraiapis.iam.gserviceaccount.com",
            "member": "serviceAccount:amari-dev-secret-accessor@caesaraiapis.iam.gserviceaccount.com",
            "project": "caesaraiapis",
            "role": "roles/secretmanager.secretAccessor",
            "secret_id": "projects/caesaraiapis/secrets/amari-dev-gemini-api-key"
          },
          "sensitive_attributes": [],
          "identity_schema_version": 0,
          "private": "bnVsbA==",
          "dependencies": [
            "data.google_secret_manager_secret.amari_dev_api_key_secret"
          ]
        }
      ]
    }
  ],
  "check_results": null
}
